
Microsoft Visual Studio Solution File, Format Version 12.00
# Visual Studio Version 17
VisualStudioVersion = 17.2.32616.157
MinimumVisualStudioVersion = 10.0.40219.1
Project("{9A19103F-16F7-4668-BE54-9A1E7A4F7556}") = "QuickFlikr.Service", "QuickFlikr.Service\QuickFlikr.Service.csproj", "{EA2CFDBF-4394-4660-B36F-8D8B7063D668}"
EndProject
Project("{9A19103F-16F7-4668-BE54-9A1E7A4F7556}") = "QuickFlikr.WinApp", "QuickFlikr.WinApp\QuickFlikr.WinApp.csproj", "{97F6C365-6FE5-4507-A54D-FFF9614A1E64}"
EndProject
Project("{9A19103F-16F7-4668-BE54-9A1E7A4F7556}") = "QuickFlikr.Model", "QuickFlikr.Model\QuickFlikr.Model.csproj", "{3D0E182D-897F-459B-800F-9F6E11485F4E}"
EndProject
Project("{2150E333-8FDC-42A3-9474-1A3956D46DE8}") = "Presentation", "Presentation", "{53B1F882-C85D-41E4-902A-689BD95FE007}"
EndProject
Project("{2150E333-8FDC-42A3-9474-1A3956D46DE8}") = "Tests", "Tests", "{319AC165-324A-4838-8FFD-F23A2910C0EA}"
EndProject
Project("{2150E333-8FDC-42A3-9474-1A3956D46DE8}") = "Src", "Src", "{AD77A58F-3A39-4A74-8FC9-DA285DD2ED57}"
EndProject
Project("{2150E333-8FDC-42A3-9474-1A3956D46DE8}") = "Model", "Model", "{85E5C087-CFC1-4102-9A4A-12C0C429D6B1}"
EndProject
Project("{2150E333-8FDC-42A3-9474-1A3956D46DE8}") = "Services", "Services", "{DF52382C-1F20-4072-B0AB-DBB800DDA958}"
EndProject
Project("{9A19103F-16F7-4668-BE54-9A1E7A4F7556}") = "QuickFlikr.Tests", "QuickFlikr.Tests\QuickFlikr.Tests.csproj", "{C10AAFEA-029D-4A2B-A9CC-03D8303CCBCD}"
EndProject
Project("{9A19103F-16F7-4668-BE54-9A1E7A4F7556}") = "QuickFlikr.Service.Contract", "QuickFlikr.Service.Contract\QuickFlikr.Service.Contract.csproj", "{21F616D1-89C9-41A4-A295-759C6FEFA425}"
EndProject
Project("{2150E333-8FDC-42A3-9474-1A3956D46DE8}") = "Docs", "Docs", "{F5EAADAF-7D64-4E9F-B42B-12DD8BA21605}"
	ProjectSection(SolutionItems) = preProject
		C:\Users\tarun.kalal\Downloads\case study_PCG.docx = C:\Users\tarun.kalal\Downloads\case study_PCG.docx
		C:\Users\tarun.kalal\Downloads\Quick Flickr Demo.pptx = C:\Users\tarun.kalal\Downloads\Quick Flickr Demo.pptx
	EndProjectSection
EndProject
Project("{2150E333-8FDC-42A3-9474-1A3956D46DE8}") = "Resources", "Resources", "{2D2161FE-47D8-4828-B591-C185EDDAAD80}"
EndProject
Project("{9A19103F-16F7-4668-BE54-9A1E7A4F7556}") = "QuickFlikr.Resources", "QuickFlikr.Resources\QuickFlikr.Resources.csproj", "{640D4E4B-E198-4B97-9C7F-F81BFE6F0F49}"
EndProject
Project("{2150E333-8FDC-42A3-9474-1A3956D46DE8}") = "Build", "Build", "{5B81CD94-FB8D-45AA-8D76-8E06520E250C}"
EndProject
Project("{C7167F0D-BC9F-4E6E-AFE1-012C56B48DB5}") = "QuickFlikr", "QuickFlikr\QuickFlikr.wapproj", "{40F34937-B5E1-418C-B95E-70F88C42B9E4}"
EndProject
Global
	GlobalSection(SolutionConfigurationPlatforms) = preSolution
		Debug|Any CPU = Debug|Any CPU
		Debug|ARM = Debug|ARM
		Debug|ARM64 = Debug|ARM64
		Debug|x64 = Debug|x64
		Debug|x86 = Debug|x86
		Release|Any CPU = Release|Any CPU
		Release|ARM = Release|ARM
		Release|ARM64 = Release|ARM64
		Release|x64 = Release|x64
		Release|x86 = Release|x86
	EndGlobalSection
	GlobalSection(ProjectConfigurationPlatforms) = postSolution
		{EA2CFDBF-4394-4660-B36F-8D8B7063D668}.Debug|Any CPU.ActiveCfg = Debug|Any CPU
		{EA2CFDBF-4394-4660-B36F-8D8B7063D668}.Debug|Any CPU.Build.0 = Debug|Any CPU
		{EA2CFDBF-4394-4660-B36F-8D8B7063D668}.Debug|ARM.ActiveCfg = Debug|Any CPU
		{EA2CFDBF-4394-4660-B36F-8D8B7063D668}.Debug|ARM.Build.0 = Debug|Any CPU
		{EA2CFDBF-4394-4660-B36F-8D8B7063D668}.Debug|ARM64.ActiveCfg = Debug|Any CPU
		{EA2CFDBF-4394-4660-B36F-8D8B7063D668}.Debug|ARM64.Build.0 = Debug|Any CPU
		{EA2CFDBF-4394-4660-B36F-8D8B7063D668}.Debug|x64.ActiveCfg = Debug|Any CPU
		{EA2CFDBF-4394-4660-B36F-8D8B7063D668}.Debug|x64.Build.0 = Debug|Any CPU
		{EA2CFDBF-4394-4660-B36F-8D8B7063D668}.Debug|x86.ActiveCfg = Debug|Any CPU
		{EA2CFDBF-4394-4660-B36F-8D8B7063D668}.Debug|x86.Build.0 = Debug|Any CPU
		{EA2CFDBF-4394-4660-B36F-8D8B7063D668}.Release|Any CPU.ActiveCfg = Release|Any CPU
		{EA2CFDBF-4394-4660-B36F-8D8B7063D668}.Release|Any CPU.Build.0 = Release|Any CPU
		{EA2CFDBF-4394-4660-B36F-8D8B7063D668}.Release|ARM.ActiveCfg = Release|Any CPU
		{EA2CFDBF-4394-4660-B36F-8D8B7063D668}.Release|ARM.Build.0 = Release|Any CPU
		{EA2CFDBF-4394-4660-B36F-8D8B7063D668}.Release|ARM64.ActiveCfg = Release|Any CPU
		{EA2CFDBF-4394-4660-B36F-8D8B7063D668}.Release|ARM64.Build.0 = Release|Any CPU
		{EA2CFDBF-4394-4660-B36F-8D8B7063D668}.Release|x64.ActiveCfg = Release|Any CPU
		{EA2CFDBF-4394-4660-B36F-8D8B7063D668}.Release|x64.Build.0 = Release|Any CPU
		{EA2CFDBF-4394-4660-B36F-8D8B7063D668}.Release|x86.ActiveCfg = Release|Any CPU
		{EA2CFDBF-4394-4660-B36F-8D8B7063D668}.Release|x86.Build.0 = Release|Any CPU
		{97F6C365-6FE5-4507-A54D-FFF9614A1E64}.Debug|Any CPU.ActiveCfg = Debug|Any CPU
		{97F6C365-6FE5-4507-A54D-FFF9614A1E64}.Debug|Any CPU.Build.0 = Debug|Any CPU
		{97F6C365-6FE5-4507-A54D-FFF9614A1E64}.Debug|ARM.ActiveCfg = Debug|Any CPU
		{97F6C365-6FE5-4507-A54D-FFF9614A1E64}.Debug|ARM.Build.0 = Debug|Any CPU
		{97F6C365-6FE5-4507-A54D-FFF9614A1E64}.Debug|ARM64.ActiveCfg = Debug|Any CPU
		{97F6C365-6FE5-4507-A54D-FFF9614A1E64}.Debug|ARM64.Build.0 = Debug|Any CPU
		{97F6C365-6FE5-4507-A54D-FFF9614A1E64}.Debug|x64.ActiveCfg = Debug|Any CPU
		{97F6C365-6FE5-4507-A54D-FFF9614A1E64}.Debug|x64.Build.0 = Debug|Any CPU
		{97F6C365-6FE5-4507-A54D-FFF9614A1E64}.Debug|x86.ActiveCfg = Debug|Any CPU
		{97F6C365-6FE5-4507-A54D-FFF9614A1E64}.Debug|x86.Build.0 = Debug|Any CPU
		{97F6C365-6FE5-4507-A54D-FFF9614A1E64}.Release|Any CPU.ActiveCfg = Release|Any CPU
		{97F6C365-6FE5-4507-A54D-FFF9614A1E64}.Release|Any CPU.Build.0 = Release|Any CPU
		{97F6C365-6FE5-4507-A54D-FFF9614A1E64}.Release|ARM.ActiveCfg = Release|Any CPU
		{97F6C365-6FE5-4507-A54D-FFF9614A1E64}.Release|ARM.Build.0 = Release|Any CPU
		{97F6C365-6FE5-4507-A54D-FFF9614A1E64}.Release|ARM64.ActiveCfg = Release|Any CPU
		{97F6C365-6FE5-4507-A54D-FFF9614A1E64}.Release|ARM64.Build.0 = Release|Any CPU
		{97F6C365-6FE5-4507-A54D-FFF9614A1E64}.Release|x64.ActiveCfg = Release|Any CPU
		{97F6C365-6FE5-4507-A54D-FFF9614A1E64}.Release|x64.Build.0 = Release|Any CPU
		{97F6C365-6FE5-4507-A54D-FFF9614A1E64}.Release|x86.ActiveCfg = Release|Any CPU
		{97F6C365-6FE5-4507-A54D-FFF9614A1E64}.Release|x86.Build.0 = Release|Any CPU
		{3D0E182D-897F-459B-800F-9F6E11485F4E}.Debug|Any CPU.ActiveCfg = Debug|Any CPU
		{3D0E182D-897F-459B-800F-9F6E11485F4E}.Debug|Any CPU.Build.0 = Debug|Any CPU
		{3D0E182D-897F-459B-800F-9F6E11485F4E}.Debug|ARM.ActiveCfg = Debug|Any CPU
		{3D0E182D-897F-459B-800F-9F6E11485F4E}.Debug|ARM.Build.0 = Debug|Any CPU
		{3D0E182D-897F-459B-800F-9F6E11485F4E}.Debug|ARM64.ActiveCfg = Debug|Any CPU
		{3D0E182D-897F-459B-800F-9F6E11485F4E}.Debug|ARM64.Build.0 = Debug|Any CPU
		{3D0E182D-897F-459B-800F-9F6E11485F4E}.Debug|x64.ActiveCfg = Debug|Any CPU
		{3D0E182D-897F-459B-800F-9F6E11485F4E}.Debug|x64.Build.0 = Debug|Any CPU
		{3D0E182D-897F-459B-800F-9F6E11485F4E}.Debug|x86.ActiveCfg = Debug|Any CPU
		{3D0E182D-897F-459B-800F-9F6E11485F4E}.Debug|x86.Build.0 = Debug|Any CPU
		{3D0E182D-897F-459B-800F-9F6E11485F4E}.Release|Any CPU.ActiveCfg = Release|Any CPU
		{3D0E182D-897F-459B-800F-9F6E11485F4E}.Release|Any CPU.Build.0 = Release|Any CPU
		{3D0E182D-897F-459B-800F-9F6E11485F4E}.Release|ARM.ActiveCfg = Release|Any CPU
		{3D0E182D-897F-459B-800F-9F6E11485F4E}.Release|ARM.Build.0 = Release|Any CPU
		{3D0E182D-897F-459B-800F-9F6E11485F4E}.Release|ARM64.ActiveCfg = Release|Any CPU
		{3D0E182D-897F-459B-800F-9F6E11485F4E}.Release|ARM64.Build.0 = Release|Any CPU
		{3D0E182D-897F-459B-800F-9F6E11485F4E}.Release|x64.ActiveCfg = Release|Any CPU
		{3D0E182D-897F-459B-800F-9F6E11485F4E}.Release|x64.Build.0 = Release|Any CPU
		{3D0E182D-897F-459B-800F-9F6E11485F4E}.Release|x86.ActiveCfg = Release|Any CPU
		{3D0E182D-897F-459B-800F-9F6E11485F4E}.Release|x86.Build.0 = Release|Any CPU
		{C10AAFEA-029D-4A2B-A9CC-03D8303CCBCD}.Debug|Any CPU.ActiveCfg = Debug|Any CPU
		{C10AAFEA-029D-4A2B-A9CC-03D8303CCBCD}.Debug|Any CPU.Build.0 = Debug|Any CPU
		{C10AAFEA-029D-4A2B-A9CC-03D8303CCBCD}.Debug|ARM.ActiveCfg = Debug|Any CPU
		{C10AAFEA-029D-4A2B-A9CC-03D8303CCBCD}.Debug|ARM.Build.0 = Debug|Any CPU
		{C10AAFEA-029D-4A2B-A9CC-03D8303CCBCD}.Debug|ARM64.ActiveCfg = Debug|Any CPU
		{C10AAFEA-029D-4A2B-A9CC-03D8303CCBCD}.Debug|ARM64.Build.0 = Debug|Any CPU
		{C10AAFEA-029D-4A2B-A9CC-03D8303CCBCD}.Debug|x64.ActiveCfg = Debug|Any CPU
		{C10AAFEA-029D-4A2B-A9CC-03D8303CCBCD}.Debug|x64.Build.0 = Debug|Any CPU
		{C10AAFEA-029D-4A2B-A9CC-03D8303CCBCD}.Debug|x86.ActiveCfg = Debug|Any CPU
		{C10AAFEA-029D-4A2B-A9CC-03D8303CCBCD}.Debug|x86.Build.0 = Debug|Any CPU
		{C10AAFEA-029D-4A2B-A9CC-03D8303CCBCD}.Release|Any CPU.ActiveCfg = Release|Any CPU
		{C10AAFEA-029D-4A2B-A9CC-03D8303CCBCD}.Release|Any CPU.Build.0 = Release|Any CPU
		{C10AAFEA-029D-4A2B-A9CC-03D8303CCBCD}.Release|ARM.ActiveCfg = Release|Any CPU
		{C10AAFEA-029D-4A2B-A9CC-03D8303CCBCD}.Release|ARM.Build.0 = Release|Any CPU
		{C10AAFEA-029D-4A2B-A9CC-03D8303CCBCD}.Release|ARM64.ActiveCfg = Release|Any CPU
		{C10AAFEA-029D-4A2B-A9CC-03D8303CCBCD}.Release|ARM64.Build.0 = Release|Any CPU
		{C10AAFEA-029D-4A2B-A9CC-03D8303CCBCD}.Release|x64.ActiveCfg = Release|Any CPU
		{C10AAFEA-029D-4A2B-A9CC-03D8303CCBCD}.Release|x64.Build.0 = Release|Any CPU
		{C10AAFEA-029D-4A2B-A9CC-03D8303CCBCD}.Release|x86.ActiveCfg = Release|Any CPU
		{C10AAFEA-029D-4A2B-A9CC-03D8303CCBCD}.Release|x86.Build.0 = Release|Any CPU
		{21F616D1-89C9-41A4-A295-759C6FEFA425}.Debug|Any CPU.ActiveCfg = Debug|Any CPU
		{21F616D1-89C9-41A4-A295-759C6FEFA425}.Debug|Any CPU.Build.0 = Debug|Any CPU
		{21F616D1-89C9-41A4-A295-759C6FEFA425}.Debug|ARM.ActiveCfg = Debug|Any CPU
		{21F616D1-89C9-41A4-A295-759C6FEFA425}.Debug|ARM.Build.0 = Debug|Any CPU
		{21F616D1-89C9-41A4-A295-759C6FEFA425}.Debug|ARM64.ActiveCfg = Debug|Any CPU
		{21F616D1-89C9-41A4-A295-759C6FEFA425}.Debug|ARM64.Build.0 = Debug|Any CPU
		{21F616D1-89C9-41A4-A295-759C6FEFA425}.Debug|x64.ActiveCfg = Debug|Any CPU
		{21F616D1-89C9-41A4-A295-759C6FEFA425}.Debug|x64.Build.0 = Debug|Any CPU
		{21F616D1-89C9-41A4-A295-759C6FEFA425}.Debug|x86.ActiveCfg = Debug|Any CPU
		{21F616D1-89C9-41A4-A295-759C6FEFA425}.Debug|x86.Build.0 = Debug|Any CPU
		{21F616D1-89C9-41A4-A295-759C6FEFA425}.Release|Any CPU.ActiveCfg = Release|Any CPU
		{21F616D1-89C9-41A4-A295-759C6FEFA425}.Release|Any CPU.Build.0 = Release|Any CPU
		{21F616D1-89C9-41A4-A295-759C6FEFA425}.Release|ARM.ActiveCfg = Release|Any CPU
		{21F616D1-89C9-41A4-A295-759C6FEFA425}.Release|ARM.Build.0 = Release|Any CPU
		{21F616D1-89C9-41A4-A295-759C6FEFA425}.Release|ARM64.ActiveCfg = Release|Any CPU
		{21F616D1-89C9-41A4-A295-759C6FEFA425}.Release|ARM64.Build.0 = Release|Any CPU
		{21F616D1-89C9-41A4-A295-759C6FEFA425}.Release|x64.ActiveCfg = Release|Any CPU
		{21F616D1-89C9-41A4-A295-759C6FEFA425}.Release|x64.Build.0 = Release|Any CPU
		{21F616D1-89C9-41A4-A295-759C6FEFA425}.Release|x86.ActiveCfg = Release|Any CPU
		{21F616D1-89C9-41A4-A295-759C6FEFA425}.Release|x86.Build.0 = Release|Any CPU
		{640D4E4B-E198-4B97-9C7F-F81BFE6F0F49}.Debug|Any CPU.ActiveCfg = Debug|Any CPU
		{640D4E4B-E198-4B97-9C7F-F81BFE6F0F49}.Debug|Any CPU.Build.0 = Debug|Any CPU
		{640D4E4B-E198-4B97-9C7F-F81BFE6F0F49}.Debug|ARM.ActiveCfg = Debug|Any CPU
		{640D4E4B-E198-4B97-9C7F-F81BFE6F0F49}.Debug|ARM.Build.0 = Debug|Any CPU
		{640D4E4B-E198-4B97-9C7F-F81BFE6F0F49}.Debug|ARM64.ActiveCfg = Debug|Any CPU
		{640D4E4B-E198-4B97-9C7F-F81BFE6F0F49}.Debug|ARM64.Build.0 = Debug|Any CPU
		{640D4E4B-E198-4B97-9C7F-F81BFE6F0F49}.Debug|x64.ActiveCfg = Debug|Any CPU
		{640D4E4B-E198-4B97-9C7F-F81BFE6F0F49}.Debug|x64.Build.0 = Debug|Any CPU
		{640D4E4B-E198-4B97-9C7F-F81BFE6F0F49}.Debug|x86.ActiveCfg = Debug|Any CPU
		{640D4E4B-E198-4B97-9C7F-F81BFE6F0F49}.Debug|x86.Build.0 = Debug|Any CPU
		{640D4E4B-E198-4B97-9C7F-F81BFE6F0F49}.Release|Any CPU.ActiveCfg = Release|Any CPU
		{640D4E4B-E198-4B97-9C7F-F81BFE6F0F49}.Release|Any CPU.Build.0 = Release|Any CPU
		{640D4E4B-E198-4B97-9C7F-F81BFE6F0F49}.Release|ARM.ActiveCfg = Release|Any CPU
		{640D4E4B-E198-4B97-9C7F-F81BFE6F0F49}.Release|ARM.Build.0 = Release|Any CPU
		{640D4E4B-E198-4B97-9C7F-F81BFE6F0F49}.Release|ARM64.ActiveCfg = Release|Any CPU
		{640D4E4B-E198-4B97-9C7F-F81BFE6F0F49}.Release|ARM64.Build.0 = Release|Any CPU
		{640D4E4B-E198-4B97-9C7F-F81BFE6F0F49}.Release|x64.ActiveCfg = Release|Any CPU
		{640D4E4B-E198-4B97-9C7F-F81BFE6F0F49}.Release|x64.Build.0 = Release|Any CPU
		{640D4E4B-E198-4B97-9C7F-F81BFE6F0F49}.Release|x86.ActiveCfg = Release|Any CPU
		{640D4E4B-E198-4B97-9C7F-F81BFE6F0F49}.Release|x86.Build.0 = Release|Any CPU
		{40F34937-B5E1-418C-B95E-70F88C42B9E4}.Debug|Any CPU.ActiveCfg = Debug|Any CPU
		{40F34937-B5E1-418C-B95E-70F88C42B9E4}.Debug|Any CPU.Build.0 = Debug|Any CPU
		{40F34937-B5E1-418C-B95E-70F88C42B9E4}.Debug|Any CPU.Deploy.0 = Debug|Any CPU
		{40F34937-B5E1-418C-B95E-70F88C42B9E4}.Debug|ARM.ActiveCfg = Debug|ARM
		{40F34937-B5E1-418C-B95E-70F88C42B9E4}.Debug|ARM.Build.0 = Debug|ARM
		{40F34937-B5E1-418C-B95E-70F88C42B9E4}.Debug|ARM.Deploy.0 = Debug|ARM
		{40F34937-B5E1-418C-B95E-70F88C42B9E4}.Debug|ARM64.ActiveCfg = Debug|ARM64
		{40F34937-B5E1-418C-B95E-70F88C42B9E4}.Debug|ARM64.Build.0 = Debug|ARM64
		{40F34937-B5E1-418C-B95E-70F88C42B9E4}.Debug|ARM64.Deploy.0 = Debug|ARM64
		{40F34937-B5E1-418C-B95E-70F88C42B9E4}.Debug|x64.ActiveCfg = Debug|x64
		{40F34937-B5E1-418C-B95E-70F88C42B9E4}.Debug|x64.Build.0 = Debug|x64
		{40F34937-B5E1-418C-B95E-70F88C42B9E4}.Debug|x64.Deploy.0 = Debug|x64
		{40F34937-B5E1-418C-B95E-70F88C42B9E4}.Debug|x86.ActiveCfg = Debug|x86
		{40F34937-B5E1-418C-B95E-70F88C42B9E4}.Debug|x86.Build.0 = Debug|x86
		{40F34937-B5E1-418C-B95E-70F88C42B9E4}.Debug|x86.Deploy.0 = Debug|x86
		{40F34937-B5E1-418C-B95E-70F88C42B9E4}.Release|Any CPU.ActiveCfg = Release|Any CPU
		{40F34937-B5E1-418C-B95E-70F88C42B9E4}.Release|Any CPU.Build.0 = Release|Any CPU
		{40F34937-B5E1-418C-B95E-70F88C42B9E4}.Release|Any CPU.Deploy.0 = Release|Any CPU
		{40F34937-B5E1-418C-B95E-70F88C42B9E4}.Release|ARM.ActiveCfg = Release|ARM
		{40F34937-B5E1-418C-B95E-70F88C42B9E4}.Release|ARM.Build.0 = Release|ARM
		{40F34937-B5E1-418C-B95E-70F88C42B9E4}.Release|ARM.Deploy.0 = Release|ARM
		{40F34937-B5E1-418C-B95E-70F88C42B9E4}.Release|ARM64.ActiveCfg = Release|ARM64
		{40F34937-B5E1-418C-B95E-70F88C42B9E4}.Release|ARM64.Build.0 = Release|ARM64
		{40F34937-B5E1-418C-B95E-70F88C42B9E4}.Release|ARM64.Deploy.0 = Release|ARM64
		{40F34937-B5E1-418C-B95E-70F88C42B9E4}.Release|x64.ActiveCfg = Release|x64
		{40F34937-B5E1-418C-B95E-70F88C42B9E4}.Release|x64.Build.0 = Release|x64
		{40F34937-B5E1-418C-B95E-70F88C42B9E4}.Release|x64.Deploy.0 = Release|x64
		{40F34937-B5E1-418C-B95E-70F88C42B9E4}.Release|x86.ActiveCfg = Release|x86
		{40F34937-B5E1-418C-B95E-70F88C42B9E4}.Release|x86.Build.0 = Release|x86
		{40F34937-B5E1-418C-B95E-70F88C42B9E4}.Release|x86.Deploy.0 = Release|x86
	EndGlobalSection
	GlobalSection(SolutionProperties) = preSolution
		HideSolutionNode = FALSE
	EndGlobalSection
	GlobalSection(NestedProjects) = preSolution
		{EA2CFDBF-4394-4660-B36F-8D8B7063D668} = {DF52382C-1F20-4072-B0AB-DBB800DDA958}
		{97F6C365-6FE5-4507-A54D-FFF9614A1E64} = {53B1F882-C85D-41E4-902A-689BD95FE007}
		{3D0E182D-897F-459B-800F-9F6E11485F4E} = {85E5C087-CFC1-4102-9A4A-12C0C429D6B1}
		{53B1F882-C85D-41E4-902A-689BD95FE007} = {AD77A58F-3A39-4A74-8FC9-DA285DD2ED57}
		{85E5C087-CFC1-4102-9A4A-12C0C429D6B1} = {AD77A58F-3A39-4A74-8FC9-DA285DD2ED57}
		{DF52382C-1F20-4072-B0AB-DBB800DDA958} = {AD77A58F-3A39-4A74-8FC9-DA285DD2ED57}
		{C10AAFEA-029D-4A2B-A9CC-03D8303CCBCD} = {319AC165-324A-4838-8FFD-F23A2910C0EA}
		{21F616D1-89C9-41A4-A295-759C6FEFA425} = {DF52382C-1F20-4072-B0AB-DBB800DDA958}
		{640D4E4B-E198-4B97-9C7F-F81BFE6F0F49} = {2D2161FE-47D8-4828-B591-C185EDDAAD80}
		{40F34937-B5E1-418C-B95E-70F88C42B9E4} = {5B81CD94-FB8D-45AA-8D76-8E06520E250C}
	EndGlobalSection
	GlobalSection(ExtensibilityGlobals) = postSolution
		SolutionGuid = {C5C08C16-1E7A-45A7-8AEC-A15FD8F986AB}
	EndGlobalSection
EndGlobal
